
Microsoft Visual Studio Solution File, Format Version 12.00
# Visual Studio Version 16
VisualStudioVersion = 25.0.1700.0
MinimumVisualStudioVersion = 10.0.40219.1
Project("{FAE04EC0-301F-11D3-BF4B-00C04F79EFBC}") = "4430Project", "4430Project.csproj", "{9F3F7FA5-7734-4267-920A-CFB214C059A7}"
EndProject
Global
	GlobalSection(SolutionConfigurationPlatforms) = preSolution
		Debug|Any CPU = Debug|Any CPU
		Release|Any CPU = Release|Any CPU
	EndGlobalSection
	GlobalSection(ProjectConfigurationPlatforms) = postSolution
		{9F3F7FA5-7734-4267-920A-CFB214C059A7}.Debug|Any CPU.ActiveCfg = Debug|Any CPU
		{9F3F7FA5-7734-4267-920A-CFB214C059A7}.Debug|Any CPU.Build.0 = Debug|Any CPU
		{9F3F7FA5-7734-4267-920A-CFB214C059A7}.Release|Any CPU.ActiveCfg = Release|Any CPU
		{9F3F7FA5-7734-4267-920A-CFB214C059A7}.Release|Any CPU.Build.0 = Release|Any CPU
	EndGlobalSection
	GlobalSection(SolutionProperties) = preSolution
		HideSolutionNode = FALSE
	EndGlobalSection
	GlobalSection(ExtensibilityGlobals) = postSolution
		SolutionGuid = {E241D65A-21F5-4384-B14A-1EF74ECEAB4A}
	EndGlobalSection
EndGlobal
